// !$*UTF8*$!
{
	archiveVersion = 1;
	classes = {
	};
	objectVersion = 55;
	objects = {

/* Begin PBXBuildFile section */
		B765E63A285779CC0003363A /* DetailWeatherViewController.swift in Sources */ = {isa = PBXBuildFile; fileRef = B765E639285779CC0003363A /* DetailWeatherViewController.swift */; };
		B769353F2859B95700F3DE4D /* WeatherInfoViewModel.swift in Sources */ = {isa = PBXBuildFile; fileRef = B769353E2859B95700F3DE4D /* WeatherInfoViewModel.swift */; };
		B76968C72856235F0079A625 /* NaverLocationAPIManger.swift in Sources */ = {isa = PBXBuildFile; fileRef = B76968C62856235F0079A625 /* NaverLocationAPIManger.swift */; };
		B78956B82854CD43002B699D /* AppDelegate.swift in Sources */ = {isa = PBXBuildFile; fileRef = B78956B72854CD43002B699D /* AppDelegate.swift */; };
		B78956BA2854CD43002B699D /* SceneDelegate.swift in Sources */ = {isa = PBXBuildFile; fileRef = B78956B92854CD43002B699D /* SceneDelegate.swift */; };
		B78956BC2854CD43002B699D /* WeatherViewController.swift in Sources */ = {isa = PBXBuildFile; fileRef = B78956BB2854CD43002B699D /* WeatherViewController.swift */; };
		B78956BF2854CD43002B699D /* Main.storyboard in Resources */ = {isa = PBXBuildFile; fileRef = B78956BD2854CD43002B699D /* Main.storyboard */; };
		B78956C12854CD46002B699D /* Assets.xcassets in Resources */ = {isa = PBXBuildFile; fileRef = B78956C02854CD46002B699D /* Assets.xcassets */; };
		B78956C42854CD46002B699D /* LaunchScreen.storyboard in Resources */ = {isa = PBXBuildFile; fileRef = B78956C22854CD46002B699D /* LaunchScreen.storyboard */; };
		B796132E2855F0DE001DF4D8 /* Cache.swift in Sources */ = {isa = PBXBuildFile; fileRef = B796132D2855F0DE001DF4D8 /* Cache.swift */; };
		B79AC41E2855A0210015C3F8 /* OpenWeatherAPIManger.swift in Sources */ = {isa = PBXBuildFile; fileRef = B79AC41D2855A0210015C3F8 /* OpenWeatherAPIManger.swift */; };
		B7B4F1B32858C2BD00EFB132 /* WeatehrCollectionViewCell.swift in Sources */ = {isa = PBXBuildFile; fileRef = B7B4F1B22858C2BD00EFB132 /* WeatehrCollectionViewCell.swift */; };
		B7D2BEB12859E26200E89FB8 /* LoadingView.swift in Sources */ = {isa = PBXBuildFile; fileRef = B7D2BEB02859E26200E89FB8 /* LoadingView.swift */; };
		B7FE31322854E0A700DB7E4E /* WeatherInfo.swift in Sources */ = {isa = PBXBuildFile; fileRef = B7FE31312854E0A700DB7E4E /* WeatherInfo.swift */; };
/* End PBXBuildFile section */

/* Begin PBXFileReference section */
		B765E639285779CC0003363A /* DetailWeatherViewController.swift */ = {isa = PBXFileReference; lastKnownFileType = sourcecode.swift; path = DetailWeatherViewController.swift; sourceTree = "<group>"; };
		B769353E2859B95700F3DE4D /* WeatherInfoViewModel.swift */ = {isa = PBXFileReference; lastKnownFileType = sourcecode.swift; path = WeatherInfoViewModel.swift; sourceTree = "<group>"; };
		B76968C62856235F0079A625 /* NaverLocationAPIManger.swift */ = {isa = PBXFileReference; lastKnownFileType = sourcecode.swift; path = NaverLocationAPIManger.swift; sourceTree = "<group>"; };
		B78956B42854CD43002B699D /* todayweather.app */ = {isa = PBXFileReference; explicitFileType = wrapper.application; includeInIndex = 0; path = todayweather.app; sourceTree = BUILT_PRODUCTS_DIR; };
		B78956B72854CD43002B699D /* AppDelegate.swift */ = {isa = PBXFileReference; lastKnownFileType = sourcecode.swift; path = AppDelegate.swift; sourceTree = "<group>"; };
		B78956B92854CD43002B699D /* SceneDelegate.swift */ = {isa = PBXFileReference; lastKnownFileType = sourcecode.swift; path = SceneDelegate.swift; sourceTree = "<group>"; };
		B78956BB2854CD43002B699D /* WeatherViewController.swift */ = {isa = PBXFileReference; lastKnownFileType = sourcecode.swift; path = WeatherViewController.swift; sourceTree = "<group>"; };
		B78956BE2854CD43002B699D /* Base */ = {isa = PBXFileReference; lastKnownFileType = file.storyboard; name = Base; path = Base.lproj/Main.storyboard; sourceTree = "<group>"; };
		B78956C02854CD46002B699D /* Assets.xcassets */ = {isa = PBXFileReference; lastKnownFileType = folder.assetcatalog; path = Assets.xcassets; sourceTree = "<group>"; };
		B78956C32854CD46002B699D /* Base */ = {isa = PBXFileReference; lastKnownFileType = file.storyboard; name = Base; path = Base.lproj/LaunchScreen.storyboard; sourceTree = "<group>"; };
		B78956C52854CD46002B699D /* Info.plist */ = {isa = PBXFileReference; lastKnownFileType = text.plist.xml; path = Info.plist; sourceTree = "<group>"; };
		B796132D2855F0DE001DF4D8 /* Cache.swift */ = {isa = PBXFileReference; lastKnownFileType = sourcecode.swift; path = Cache.swift; sourceTree = "<group>"; };
		B79AC41D2855A0210015C3F8 /* OpenWeatherAPIManger.swift */ = {isa = PBXFileReference; lastKnownFileType = sourcecode.swift; path = OpenWeatherAPIManger.swift; sourceTree = "<group>"; };
		B7B4F1B22858C2BD00EFB132 /* WeatehrCollectionViewCell.swift */ = {isa = PBXFileReference; lastKnownFileType = sourcecode.swift; path = WeatehrCollectionViewCell.swift; sourceTree = "<group>"; };
		B7D2BEB02859E26200E89FB8 /* LoadingView.swift */ = {isa = PBXFileReference; lastKnownFileType = sourcecode.swift; path = LoadingView.swift; sourceTree = "<group>"; };
		B7FE31312854E0A700DB7E4E /* WeatherInfo.swift */ = {isa = PBXFileReference; lastKnownFileType = sourcecode.swift; path = WeatherInfo.swift; sourceTree = "<group>"; };
/* End PBXFileReference section */

/* Begin PBXFrameworksBuildPhase section */
		B78956B12854CD43002B699D /* Frameworks */ = {
			isa = PBXFrameworksBuildPhase;
			buildActionMask = 2147483647;
			files = (
			);
			runOnlyForDeploymentPostprocessing = 0;
		};
/* End PBXFrameworksBuildPhase section */

/* Begin PBXGroup section */
		B769353D2859B94600F3DE4D /* ViewModel */ = {
			isa = PBXGroup;
			children = (
				B769353E2859B95700F3DE4D /* WeatherInfoViewModel.swift */,
			);
			path = ViewModel;
			sourceTree = "<group>";
		};
		B78956AB2854CD43002B699D = {
			isa = PBXGroup;
			children = (
				B78956B62854CD43002B699D /* todayweather */,
				B78956B52854CD43002B699D /* Products */,
			);
			sourceTree = "<group>";
		};
		B78956B52854CD43002B699D /* Products */ = {
			isa = PBXGroup;
			children = (
				B78956B42854CD43002B699D /* todayweather.app */,
			);
			name = Products;
			sourceTree = "<group>";
		};
		B78956B62854CD43002B699D /* todayweather */ = {
			isa = PBXGroup;
			children = (
				B769353D2859B94600F3DE4D /* ViewModel */,
				B7B4F1B12858C29100EFB132 /* Cell */,
				B796133028560BAC001DF4D8 /* Model */,
				B796132F28560B9E001DF4D8 /* Util */,
				B78956B72854CD43002B699D /* AppDelegate.swift */,
				B78956B92854CD43002B699D /* SceneDelegate.swift */,
				B765E639285779CC0003363A /* DetailWeatherViewController.swift */,
				B78956BB2854CD43002B699D /* WeatherViewController.swift */,
				B78956BD2854CD43002B699D /* Main.storyboard */,
				B78956C02854CD46002B699D /* Assets.xcassets */,
				B78956C22854CD46002B699D /* LaunchScreen.storyboard */,
				B78956C52854CD46002B699D /* Info.plist */,
			);
			path = todayweather;
			sourceTree = "<group>";
		};
		B796132F28560B9E001DF4D8 /* Util */ = {
			isa = PBXGroup;
			children = (
				B79AC41D2855A0210015C3F8 /* OpenWeatherAPIManger.swift */,
				B76968C62856235F0079A625 /* NaverLocationAPIManger.swift */,
				B796132D2855F0DE001DF4D8 /* Cache.swift */,
				B7D2BEB02859E26200E89FB8 /* LoadingView.swift */,
			);
			path = Util;
			sourceTree = "<group>";
		};
		B796133028560BAC001DF4D8 /* Model */ = {
			isa = PBXGroup;
			children = (
				B7FE31312854E0A700DB7E4E /* WeatherInfo.swift */,
			);
			path = Model;
			sourceTree = "<group>";
		};
		B7B4F1B12858C29100EFB132 /* Cell */ = {
			isa = PBXGroup;
			children = (
				B7B4F1B22858C2BD00EFB132 /* WeatehrCollectionViewCell.swift */,
			);
			path = Cell;
			sourceTree = "<group>";
		};
/* End PBXGroup section */

/* Begin PBXNativeTarget section */
		B78956B32854CD43002B699D /* todayweather */ = {
			isa = PBXNativeTarget;
			buildConfigurationList = B78956C82854CD46002B699D /* Build configuration list for PBXNativeTarget "todayweather" */;
			buildPhases = (
				B78956B02854CD43002B699D /* Sources */,
				B78956B12854CD43002B699D /* Frameworks */,
				B78956B22854CD43002B699D /* Resources */,
			);
			buildRules = (
			);
			dependencies = (
			);
			name = todayweather;
			productName = todayweather;
			productReference = B78956B42854CD43002B699D /* todayweather.app */;
			productType = "com.apple.product-type.application";
		};
/* End PBXNativeTarget section */

/* Begin PBXProject section */
		B78956AC2854CD43002B699D /* Project object */ = {
			isa = PBXProject;
			attributes = {
				BuildIndependentTargetsInParallel = 1;
				LastSwiftUpdateCheck = 1330;
				LastUpgradeCheck = 1330;
				TargetAttributes = {
					B78956B32854CD43002B699D = {
						CreatedOnToolsVersion = 13.3.1;
					};
				};
			};
			buildConfigurationList = B78956AF2854CD43002B699D /* Build configuration list for PBXProject "todayweather" */;
			compatibilityVersion = "Xcode 13.0";
			developmentRegion = en;
			hasScannedForEncodings = 0;
			knownRegions = (
				en,
				Base,
			);
			mainGroup = B78956AB2854CD43002B699D;
			productRefGroup = B78956B52854CD43002B699D /* Products */;
			projectDirPath = "";
			projectRoot = "";
			targets = (
				B78956B32854CD43002B699D /* todayweather */,
			);
		};
/* End PBXProject section */

/* Begin PBXResourcesBuildPhase section */
		B78956B22854CD43002B699D /* Resources */ = {
			isa = PBXResourcesBuildPhase;
			buildActionMask = 2147483647;
			files = (
				B78956C42854CD46002B699D /* LaunchScreen.storyboard in Resources */,
				B78956C12854CD46002B699D /* Assets.xcassets in Resources */,
				B78956BF2854CD43002B699D /* Main.storyboard in Resources */,
			);
			runOnlyForDeploymentPostprocessing = 0;
		};
/* End PBXResourcesBuildPhase section */

/* Begin PBXSourcesBuildPhase section */
		B78956B02854CD43002B699D /* Sources */ = {
			isa = PBXSourcesBuildPhase;
			buildActionMask = 2147483647;
			files = (
				B78956BC2854CD43002B699D /* WeatherViewController.swift in Sources */,
				B7D2BEB12859E26200E89FB8 /* LoadingView.swift in Sources */,
				B769353F2859B95700F3DE4D /* WeatherInfoViewModel.swift in Sources */,
				B7FE31322854E0A700DB7E4E /* WeatherInfo.swift in Sources */,
				B78956B82854CD43002B699D /* AppDelegate.swift in Sources */,
				B765E63A285779CC0003363A /* DetailWeatherViewController.swift in Sources */,
				B76968C72856235F0079A625 /* NaverLocationAPIManger.swift in Sources */,
				B7B4F1B32858C2BD00EFB132 /* WeatehrCollectionViewCell.swift in Sources */,
				B78956BA2854CD43002B699D /* SceneDelegate.swift in Sources */,
				B796132E2855F0DE001DF4D8 /* Cache.swift in Sources */,
				B79AC41E2855A0210015C3F8 /* OpenWeatherAPIManger.swift in Sources */,
			);
			runOnlyForDeploymentPostprocessing = 0;
		};
/* End PBXSourcesBuildPhase section */

/* Begin PBXVariantGroup section */
		B78956BD2854CD43002B699D /* Main.storyboard */ = {
			isa = PBXVariantGroup;
			children = (
				B78956BE2854CD43002B699D /* Base */,
			);
			name = Main.storyboard;
			sourceTree = "<group>";
		};
		B78956C22854CD46002B699D /* LaunchScreen.storyboard */ = {
			isa = PBXVariantGroup;
			children = (
				B78956C32854CD46002B699D /* Base */,
			);
			name = LaunchScreen.storyboard;
			sourceTree = "<group>";
		};
/* End PBXVariantGroup section */

/* Begin XCBuildConfiguration section */
		B78956C62854CD46002B699D /* Debug */ = {
			isa = XCBuildConfiguration;
			buildSettings = {
				ALWAYS_SEARCH_USER_PATHS = NO;
				CLANG_ANALYZER_NONNULL = YES;
				CLANG_ANALYZER_NUMBER_OBJECT_CONVERSION = YES_AGGRESSIVE;
				CLANG_CXX_LANGUAGE_STANDARD = "gnu++17";
				CLANG_ENABLE_MODULES = YES;
				CLANG_ENABLE_OBJC_ARC = YES;
				CLANG_ENABLE_OBJC_WEAK = YES;
				CLANG_WARN_BLOCK_CAPTURE_AUTORELEASING = YES;
				CLANG_WARN_BOOL_CONVERSION = YES;
				CLANG_WARN_COMMA = YES;
				CLANG_WARN_CONSTANT_CONVERSION = YES;
				CLANG_WARN_DEPRECATED_OBJC_IMPLEMENTATIONS = YES;
				CLANG_WARN_DIRECT_OBJC_ISA_USAGE = YES_ERROR;
				CLANG_WARN_DOCUMENTATION_COMMENTS = YES;
				CLANG_WARN_EMPTY_BODY = YES;
				CLANG_WARN_ENUM_CONVERSION = YES;
				CLANG_WARN_INFINITE_RECURSION = YES;
				CLANG_WARN_INT_CONVERSION = YES;
				CLANG_WARN_NON_LITERAL_NULL_CONVERSION = YES;
				CLANG_WARN_OBJC_IMPLICIT_RETAIN_SELF = YES;
				CLANG_WARN_OBJC_LITERAL_CONVERSION = YES;
				CLANG_WARN_OBJC_ROOT_CLASS = YES_ERROR;
				CLANG_WARN_QUOTED_INCLUDE_IN_FRAMEWORK_HEADER = YES;
				CLANG_WARN_RANGE_LOOP_ANALYSIS = YES;
				CLANG_WARN_STRICT_PROTOTYPES = YES;
				CLANG_WARN_SUSPICIOUS_MOVE = YES;
				CLANG_WARN_UNGUARDED_AVAILABILITY = YES_AGGRESSIVE;
				CLANG_WARN_UNREACHABLE_CODE = YES;
				CLANG_WARN__DUPLICATE_METHOD_MATCH = YES;
				COPY_PHASE_STRIP = NO;
				DEBUG_INFORMATION_FORMAT = dwarf;
				ENABLE_STRICT_OBJC_MSGSEND = YES;
				ENABLE_TESTABILITY = YES;
				GCC_C_LANGUAGE_STANDARD = gnu11;
				GCC_DYNAMIC_NO_PIC = NO;
				GCC_NO_COMMON_BLOCKS = YES;
				GCC_OPTIMIZATION_LEVEL = 0;
				GCC_PREPROCESSOR_DEFINITIONS = (
					"DEBUG=1",
					"$(inherited)",
				);
				GCC_WARN_64_TO_32_BIT_CONVERSION = YES;
				GCC_WARN_ABOUT_RETURN_TYPE = YES_ERROR;
				GCC_WARN_UNDECLARED_SELECTOR = YES;
				GCC_WARN_UNINITIALIZED_AUTOS = YES_AGGRESSIVE;
				GCC_WARN_UNUSED_FUNCTION = YES;
				GCC_WARN_UNUSED_VARIABLE = YES;
				IPHONEOS_DEPLOYMENT_TARGET = 15.4;
				MTL_ENABLE_DEBUG_INFO = INCLUDE_SOURCE;
				MTL_FAST_MATH = YES;
				ONLY_ACTIVE_ARCH = YES;
				SDKROOT = iphoneos;
				SWIFT_ACTIVE_COMPILATION_CONDITIONS = DEBUG;
				SWIFT_OPTIMIZATION_LEVEL = "-Onone";
			};
			name = Debug;
		};
		B78956C72854CD46002B699D /* Release */ = {
			isa = XCBuildConfiguration;
			buildSettings = {
				ALWAYS_SEARCH_USER_PATHS = NO;
				CLANG_ANALYZER_NONNULL = YES;
				CLANG_ANALYZER_NUMBER_OBJECT_CONVERSION = YES_AGGRESSIVE;
				CLANG_CXX_LANGUAGE_STANDARD = "gnu++17";
				CLANG_ENABLE_MODULES = YES;
				CLANG_ENABLE_OBJC_ARC = YES;
				CLANG_ENABLE_OBJC_WEAK = YES;
				CLANG_WARN_BLOCK_CAPTURE_AUTORELEASING = YES;
				CLANG_WARN_BOOL_CONVERSION = YES;
				CLANG_WARN_COMMA = YES;
				CLANG_WARN_CONSTANT_CONVERSION = YES;
				CLANG_WARN_DEPRECATED_OBJC_IMPLEMENTATIONS = YES;
				CLANG_WARN_DIRECT_OBJC_ISA_USAGE = YES_ERROR;
				CLANG_WARN_DOCUMENTATION_COMMENTS = YES;
				CLANG_WARN_EMPTY_BODY = YES;
				CLANG_WARN_ENUM_CONVERSION = YES;
				CLANG_WARN_INFINITE_RECURSION = YES;
				CLANG_WARN_INT_CONVERSION = YES;
				CLANG_WARN_NON_LITERAL_NULL_CONVERSION = YES;
				CLANG_WARN_OBJC_IMPLICIT_RETAIN_SELF = YES;
				CLANG_WARN_OBJC_LITERAL_CONVERSION = YES;
				CLANG_WARN_OBJC_ROOT_CLASS = YES_ERROR;
				CLANG_WARN_QUOTED_INCLUDE_IN_FRAMEWORK_HEADER = YES;
				CLANG_WARN_RANGE_LOOP_ANALYSIS = YES;
				CLANG_WARN_STRICT_PROTOTYPES = YES;
				CLANG_WARN_SUSPICIOUS_MOVE = YES;
				CLANG_WARN_UNGUARDED_AVAILABILITY = YES_AGGRESSIVE;
				CLANG_WARN_UNREACHABLE_CODE = YES;
				CLANG_WARN__DUPLICATE_METHOD_MATCH = YES;
				COPY_PHASE_STRIP = NO;
				DEBUG_INFORMATION_FORMAT = "dwarf-with-dsym";
				ENABLE_NS_ASSERTIONS = NO;
				ENABLE_STRICT_OBJC_MSGSEND = YES;
				GCC_C_LANGUAGE_STANDARD = gnu11;
				GCC_NO_COMMON_BLOCKS = YES;
				GCC_WARN_64_TO_32_BIT_CONVERSION = YES;
				GCC_WARN_ABOUT_RETURN_TYPE = YES_ERROR;
				GCC_WARN_UNDECLARED_SELECTOR = YES;
				GCC_WARN_UNINITIALIZED_AUTOS = YES_AGGRESSIVE;
				GCC_WARN_UNUSED_FUNCTION = YES;
				GCC_WARN_UNUSED_VARIABLE = YES;
				IPHONEOS_DEPLOYMENT_TARGET = 15.4;
				MTL_ENABLE_DEBUG_INFO = NO;
				MTL_FAST_MATH = YES;
				SDKROOT = iphoneos;
				SWIFT_COMPILATION_MODE = wholemodule;
				SWIFT_OPTIMIZATION_LEVEL = "-O";
				VALIDATE_PRODUCT = YES;
			};
			name = Release;
		};
		B78956C92854CD46002B699D /* Debug */ = {
			isa = XCBuildConfiguration;
			buildSettings = {
				ASSETCATALOG_COMPILER_APPICON_NAME = AppIcon;
				ASSETCATALOG_COMPILER_GLOBAL_ACCENT_COLOR_NAME = AccentColor;
				CODE_SIGN_STYLE = Automatic;
				CURRENT_PROJECT_VERSION = 1;
				DEVELOPMENT_TEAM = 8R2A475KS5;
				GENERATE_INFOPLIST_FILE = YES;
				INFOPLIST_FILE = todayweather/Info.plist;
				INFOPLIST_KEY_UIApplicationSupportsIndirectInputEvents = YES;
				INFOPLIST_KEY_UILaunchStoryboardName = LaunchScreen;
				INFOPLIST_KEY_UIMainStoryboardFile = Main;
				INFOPLIST_KEY_UISupportedInterfaceOrientations_iPad = "UIInterfaceOrientationPortrait UIInterfaceOrientationPortraitUpsideDown UIInterfaceOrientationLandscapeLeft UIInterfaceOrientationLandscapeRight";
				INFOPLIST_KEY_UISupportedInterfaceOrientations_iPhone = "UIInterfaceOrientationPortrait UIInterfaceOrientationLandscapeLeft UIInterfaceOrientationLandscapeRight";
				LD_RUNPATH_SEARCH_PATHS = (
					"$(inherited)",
					"@executable_path/Frameworks",
				);
				MARKETING_VERSION = 1.0;
				PRODUCT_BUNDLE_IDENTIFIER = com.jm.todayweather;
				PRODUCT_NAME = "$(TARGET_NAME)";
				SWIFT_EMIT_LOC_STRINGS = YES;
				SWIFT_VERSION = 5.0;
				TARGETED_DEVICE_FAMILY = "1,2";
			};
			name = Debug;
		};
		B78956CA2854CD46002B699D /* Release */ = {
			isa = XCBuildConfiguration;
			buildSettings = {
				ASSETCATALOG_COMPILER_APPICON_NAME = AppIcon;
				ASSETCATALOG_COMPILER_GLOBAL_ACCENT_COLOR_NAME = AccentColor;
				CODE_SIGN_STYLE = Automatic;
				CURRENT_PROJECT_VERSION = 1;
				DEVELOPMENT_TEAM = 8R2A475KS5;
				GENERATE_INFOPLIST_FILE = YES;
				INFOPLIST_FILE = todayweather/Info.plist;
				INFOPLIST_KEY_UIApplicationSupportsIndirectInputEvents = YES;
				INFOPLIST_KEY_UILaunchStoryboardName = LaunchScreen;
				INFOPLIST_KEY_UIMainStoryboardFile = Main;
				INFOPLIST_KEY_UISupportedInterfaceOrientations_iPad = "UIInterfaceOrientationPortrait UIInterfaceOrientationPortraitUpsideDown UIInterfaceOrientationLandscapeLeft UIInterfaceOrientationLandscapeRight";
				INFOPLIST_KEY_UISupportedInterfaceOrientations_iPhone = "UIInterfaceOrientationPortrait UIInterfaceOrientationLandscapeLeft UIInterfaceOrientationLandscapeRight";
				LD_RUNPATH_SEARCH_PATHS = (
					"$(inherited)",
					"@executable_path/Frameworks",
				);
				MARKETING_VERSION = 1.0;
				PRODUCT_BUNDLE_IDENTIFIER = com.jm.todayweather;
				PRODUCT_NAME = "$(TARGET_NAME)";
				SWIFT_EMIT_LOC_STRINGS = YES;
				SWIFT_VERSION = 5.0;
				TARGETED_DEVICE_FAMILY = "1,2";
			};
			name = Release;
		};
/* End XCBuildConfiguration section */

/* Begin XCConfigurationList section */
		B78956AF2854CD43002B699D /* Build configuration list for PBXProject "todayweather" */ = {
			isa = XCConfigurationList;
			buildConfigurations = (
				B78956C62854CD46002B699D /* Debug */,
				B78956C72854CD46002B699D /* Release */,
			);
			defaultConfigurationIsVisible = 0;
			defaultConfigurationName = Release;
		};
		B78956C82854CD46002B699D /* Build configuration list for PBXNativeTarget "todayweather" */ = {
			isa = XCConfigurationList;
			buildConfigurations = (
				B78956C92854CD46002B699D /* Debug */,
				B78956CA2854CD46002B699D /* Release */,
			);
			defaultConfigurationIsVisible = 0;
			defaultConfigurationName = Release;
		};
/* End XCConfigurationList section */
	};
	rootObject = B78956AC2854CD43002B699D /* Project object */;
}
